// !$*UTF8*$!
{
	archiveVersion = 1;
	classes = {
	};
	objectVersion = 51;
	objects = {

/* Begin PBXBuildFile section */
		0BF151E9260C99D000134495 /* AppDelegate.swift in Sources */ = {isa = PBXBuildFile; fileRef = 0BF151E8260C99D000134495 /* AppDelegate.swift */; };
		0BF151EB260C99D000134495 /* SceneDelegate.swift in Sources */ = {isa = PBXBuildFile; fileRef = 0BF151EA260C99D000134495 /* SceneDelegate.swift */; };
		0BF151ED260C99D000134495 /* ViewController.swift in Sources */ = {isa = PBXBuildFile; fileRef = 0BF151EC260C99D000134495 /* ViewController.swift */; };
		0BF151F0260C99D000134495 /* Main.storyboard in Resources */ = {isa = PBXBuildFile; fileRef = 0BF151EE260C99D000134495 /* Main.storyboard */; };
		0BF151F2260C99D200134495 /* Assets.xcassets in Resources */ = {isa = PBXBuildFile; fileRef = 0BF151F1260C99D200134495 /* Assets.xcassets */; };
		0BF151F5260C99D200134495 /* LaunchScreen.storyboard in Resources */ = {isa = PBXBuildFile; fileRef = 0BF151F3260C99D200134495 /* LaunchScreen.storyboard */; };
		0BF1521A260F8DD600134495 /* MapSearchViewController.swift in Sources */ = {isa = PBXBuildFile; fileRef = 0BF15219260F8DD600134495 /* MapSearchViewController.swift */; };
		0BF1521E260F99A100134495 /* MapSearchDataManager.swift in Sources */ = {isa = PBXBuildFile; fileRef = 0BF1521D260F99A100134495 /* MapSearchDataManager.swift */; };
		0BF15222260F9D9B00134495 /* KeywordResult.swift in Sources */ = {isa = PBXBuildFile; fileRef = 0BF15221260F9D9B00134495 /* KeywordResult.swift */; };
		0BF15226260F9DB800134495 /* KeywordResultMeta.swift in Sources */ = {isa = PBXBuildFile; fileRef = 0BF15225260F9DB800134495 /* KeywordResultMeta.swift */; };
		0BF15229260F9DCD00134495 /* RegionInfo.swift in Sources */ = {isa = PBXBuildFile; fileRef = 0BF15228260F9DCD00134495 /* RegionInfo.swift */; };
		0BF1522C260F9DDE00134495 /* Documents.swift in Sources */ = {isa = PBXBuildFile; fileRef = 0BF1522B260F9DDE00134495 /* Documents.swift */; };
		0BF1522F260F9DFA00134495 /* TempKeywordResult.swift in Sources */ = {isa = PBXBuildFile; fileRef = 0BF1522E260F9DFA00134495 /* TempKeywordResult.swift */; };
		0BF152552617566C00134495 /* SearchResultViewController.swift in Sources */ = {isa = PBXBuildFile; fileRef = 0BF152542617566C00134495 /* SearchResultViewController.swift */; };
		E07832FF5B7251240A8CD11A /* Pods_Yasty_ios.framework in Frameworks */ = {isa = PBXBuildFile; fileRef = 2926C0AA5BA16B6A8F75FE50 /* Pods_Yasty_ios.framework */; };
/* End PBXBuildFile section */

/* Begin PBXFileReference section */
		0BF151E5260C99D000134495 /* Yasty_ios.app */ = {isa = PBXFileReference; explicitFileType = wrapper.application; includeInIndex = 0; path = Yasty_ios.app; sourceTree = BUILT_PRODUCTS_DIR; };
		0BF151E8260C99D000134495 /* AppDelegate.swift */ = {isa = PBXFileReference; lastKnownFileType = sourcecode.swift; path = AppDelegate.swift; sourceTree = "<group>"; };
		0BF151EA260C99D000134495 /* SceneDelegate.swift */ = {isa = PBXFileReference; lastKnownFileType = sourcecode.swift; path = SceneDelegate.swift; sourceTree = "<group>"; };
		0BF151EC260C99D000134495 /* ViewController.swift */ = {isa = PBXFileReference; lastKnownFileType = sourcecode.swift; path = ViewController.swift; sourceTree = "<group>"; };
		0BF151EF260C99D000134495 /* Base */ = {isa = PBXFileReference; lastKnownFileType = file.storyboard; name = Base; path = Base.lproj/Main.storyboard; sourceTree = "<group>"; };
		0BF151F1260C99D200134495 /* Assets.xcassets */ = {isa = PBXFileReference; lastKnownFileType = folder.assetcatalog; path = Assets.xcassets; sourceTree = "<group>"; };
		0BF151F4260C99D200134495 /* Base */ = {isa = PBXFileReference; lastKnownFileType = file.storyboard; name = Base; path = Base.lproj/LaunchScreen.storyboard; sourceTree = "<group>"; };
		0BF151F6260C99D200134495 /* Info.plist */ = {isa = PBXFileReference; lastKnownFileType = text.plist.xml; path = Info.plist; sourceTree = "<group>"; };
		0BF15219260F8DD600134495 /* MapSearchViewController.swift */ = {isa = PBXFileReference; lastKnownFileType = sourcecode.swift; path = MapSearchViewController.swift; sourceTree = "<group>"; };
		0BF1521D260F99A100134495 /* MapSearchDataManager.swift */ = {isa = PBXFileReference; lastKnownFileType = sourcecode.swift; path = MapSearchDataManager.swift; sourceTree = "<group>"; };
		0BF15221260F9D9B00134495 /* KeywordResult.swift */ = {isa = PBXFileReference; lastKnownFileType = sourcecode.swift; path = KeywordResult.swift; sourceTree = "<group>"; };
		0BF15225260F9DB800134495 /* KeywordResultMeta.swift */ = {isa = PBXFileReference; lastKnownFileType = sourcecode.swift; path = KeywordResultMeta.swift; sourceTree = "<group>"; };
		0BF15228260F9DCD00134495 /* RegionInfo.swift */ = {isa = PBXFileReference; lastKnownFileType = sourcecode.swift; path = RegionInfo.swift; sourceTree = "<group>"; };
		0BF1522B260F9DDE00134495 /* Documents.swift */ = {isa = PBXFileReference; lastKnownFileType = sourcecode.swift; path = Documents.swift; sourceTree = "<group>"; };
		0BF1522E260F9DFA00134495 /* TempKeywordResult.swift */ = {isa = PBXFileReference; lastKnownFileType = sourcecode.swift; path = TempKeywordResult.swift; sourceTree = "<group>"; };
		0BF152542617566C00134495 /* SearchResultViewController.swift */ = {isa = PBXFileReference; lastKnownFileType = sourcecode.swift; path = SearchResultViewController.swift; sourceTree = "<group>"; };
		2926C0AA5BA16B6A8F75FE50 /* Pods_Yasty_ios.framework */ = {isa = PBXFileReference; explicitFileType = wrapper.framework; includeInIndex = 0; path = Pods_Yasty_ios.framework; sourceTree = BUILT_PRODUCTS_DIR; };
		29629C89DC366F10F3724349 /* Pods-Yasty_ios.release.xcconfig */ = {isa = PBXFileReference; includeInIndex = 1; lastKnownFileType = text.xcconfig; name = "Pods-Yasty_ios.release.xcconfig"; path = "Target Support Files/Pods-Yasty_ios/Pods-Yasty_ios.release.xcconfig"; sourceTree = "<group>"; };
		D2925DE00873A1EBBFFA6689 /* Pods-Yasty_ios.debug.xcconfig */ = {isa = PBXFileReference; includeInIndex = 1; lastKnownFileType = text.xcconfig; name = "Pods-Yasty_ios.debug.xcconfig"; path = "Target Support Files/Pods-Yasty_ios/Pods-Yasty_ios.debug.xcconfig"; sourceTree = "<group>"; };
/* End PBXFileReference section */

/* Begin PBXFrameworksBuildPhase section */
		0BF151E2260C99D000134495 /* Frameworks */ = {
			isa = PBXFrameworksBuildPhase;
			buildActionMask = 2147483647;
			files = (
				E07832FF5B7251240A8CD11A /* Pods_Yasty_ios.framework in Frameworks */,
			);
			runOnlyForDeploymentPostprocessing = 0;
		};
/* End PBXFrameworksBuildPhase section */

/* Begin PBXGroup section */
		0BF151DC260C99D000134495 = {
			isa = PBXGroup;
			children = (
				0BF151E7260C99D000134495 /* Yasty_ios */,
				0BF151E6260C99D000134495 /* Products */,
				C3ABDA4D7EADE4CE19F5BB03 /* Pods */,
				5A45E50AED5343147DD72775 /* Frameworks */,
			);
			sourceTree = "<group>";
		};
		0BF151E6260C99D000134495 /* Products */ = {
			isa = PBXGroup;
			children = (
				0BF151E5260C99D000134495 /* Yasty_ios.app */,
			);
			name = Products;
			sourceTree = "<group>";
		};
		0BF151E7260C99D000134495 /* Yasty_ios */ = {
			isa = PBXGroup;
			children = (
				0BF152532617561300134495 /* SearchResultMapView */,
				0BF15220260F9D7D00134495 /* Entity */,
				0BF15218260F8DC300134495 /* MapSearch */,
				0BF151E8260C99D000134495 /* AppDelegate.swift */,
				0BF151EA260C99D000134495 /* SceneDelegate.swift */,
				0BF151EC260C99D000134495 /* ViewController.swift */,
				0BF151EE260C99D000134495 /* Main.storyboard */,
				0BF151F1260C99D200134495 /* Assets.xcassets */,
				0BF151F3260C99D200134495 /* LaunchScreen.storyboard */,
				0BF151F6260C99D200134495 /* Info.plist */,
			);
			path = Yasty_ios;
			sourceTree = "<group>";
		};
		0BF15218260F8DC300134495 /* MapSearch */ = {
			isa = PBXGroup;
			children = (
				0BF15219260F8DD600134495 /* MapSearchViewController.swift */,
				0BF1521D260F99A100134495 /* MapSearchDataManager.swift */,
			);
			path = MapSearch;
			sourceTree = "<group>";
		};
		0BF15220260F9D7D00134495 /* Entity */ = {
			isa = PBXGroup;
			children = (
				0BF15221260F9D9B00134495 /* KeywordResult.swift */,
				0BF15225260F9DB800134495 /* KeywordResultMeta.swift */,
				0BF15228260F9DCD00134495 /* RegionInfo.swift */,
				0BF1522B260F9DDE00134495 /* Documents.swift */,
				0BF1522E260F9DFA00134495 /* TempKeywordResult.swift */,
			);
			path = Entity;
			sourceTree = "<group>";
		};
		0BF152532617561300134495 /* SearchResultMapView */ = {
			isa = PBXGroup;
			children = (
				0BF152542617566C00134495 /* SearchResultViewController.swift */,
			);
			path = SearchResultMapView;
			sourceTree = "<group>";
		};
		5A45E50AED5343147DD72775 /* Frameworks */ = {
			isa = PBXGroup;
			children = (
				2926C0AA5BA16B6A8F75FE50 /* Pods_Yasty_ios.framework */,
			);
			name = Frameworks;
			sourceTree = "<group>";
		};
		C3ABDA4D7EADE4CE19F5BB03 /* Pods */ = {
			isa = PBXGroup;
			children = (
				D2925DE00873A1EBBFFA6689 /* Pods-Yasty_ios.debug.xcconfig */,
				29629C89DC366F10F3724349 /* Pods-Yasty_ios.release.xcconfig */,
			);
			path = Pods;
			sourceTree = "<group>";
		};
/* End PBXGroup section */

/* Begin PBXNativeTarget section */
		0BF151E4260C99D000134495 /* Yasty_ios */ = {
			isa = PBXNativeTarget;
			buildConfigurationList = 0BF151F9260C99D200134495 /* Build configuration list for PBXNativeTarget "Yasty_ios" */;
			buildPhases = (
				A130E73EA0A85426D348C31D /* [CP] Check Pods Manifest.lock */,
				0BF151E1260C99D000134495 /* Sources */,
				0BF151E2260C99D000134495 /* Frameworks */,
				0BF151E3260C99D000134495 /* Resources */,
				E8ED82A2EEC1FAAAEF23E43E /* [CP] Embed Pods Frameworks */,
			);
			buildRules = (
			);
			dependencies = (
			);
			name = Yasty_ios;
			productName = Yasty_ios;
			productReference = 0BF151E5260C99D000134495 /* Yasty_ios.app */;
			productType = "com.apple.product-type.application";
		};
/* End PBXNativeTarget section */

/* Begin PBXProject section */
		0BF151DD260C99D000134495 /* Project object */ = {
			isa = PBXProject;
			attributes = {
				LastSwiftUpdateCheck = 1240;
				LastUpgradeCheck = 1240;
				TargetAttributes = {
					0BF151E4260C99D000134495 = {
						CreatedOnToolsVersion = 12.4;
					};
				};
			};
			buildConfigurationList = 0BF151E0260C99D000134495 /* Build configuration list for PBXProject "Yasty_ios" */;
			compatibilityVersion = "Xcode 9.3";
			developmentRegion = en;
			hasScannedForEncodings = 0;
			knownRegions = (
				en,
				Base,
			);
			mainGroup = 0BF151DC260C99D000134495;
			productRefGroup = 0BF151E6260C99D000134495 /* Products */;
			projectDirPath = "";
			projectRoot = "";
			targets = (
				0BF151E4260C99D000134495 /* Yasty_ios */,
			);
		};
/* End PBXProject section */

/* Begin PBXResourcesBuildPhase section */
		0BF151E3260C99D000134495 /* Resources */ = {
			isa = PBXResourcesBuildPhase;
			buildActionMask = 2147483647;
			files = (
				0BF151F5260C99D200134495 /* LaunchScreen.storyboard in Resources */,
				0BF151F2260C99D200134495 /* Assets.xcassets in Resources */,
				0BF151F0260C99D000134495 /* Main.storyboard in Resources */,
			);
			runOnlyForDeploymentPostprocessing = 0;
		};
/* End PBXResourcesBuildPhase section */

/* Begin PBXShellScriptBuildPhase section */
		A130E73EA0A85426D348C31D /* [CP] Check Pods Manifest.lock */ = {
			isa = PBXShellScriptBuildPhase;
			buildActionMask = 2147483647;
			files = (
			);
			inputFileListPaths = (
			);
			inputPaths = (
				"${PODS_PODFILE_DIR_PATH}/Podfile.lock",
				"${PODS_ROOT}/Manifest.lock",
			);
			name = "[CP] Check Pods Manifest.lock";
			outputFileListPaths = (
			);
			outputPaths = (
				"$(DERIVED_FILE_DIR)/Pods-Yasty_ios-checkManifestLockResult.txt",
			);
			runOnlyForDeploymentPostprocessing = 0;
			shellPath = /bin/sh;
			shellScript = "diff \"${PODS_PODFILE_DIR_PATH}/Podfile.lock\" \"${PODS_ROOT}/Manifest.lock\" > /dev/null\nif [ $? != 0 ] ; then\n    # print error to STDERR\n    echo \"error: The sandbox is not in sync with the Podfile.lock. Run 'pod install' or update your CocoaPods installation.\" >&2\n    exit 1\nfi\n# This output is used by Xcode 'outputs' to avoid re-running this script phase.\necho \"SUCCESS\" > \"${SCRIPT_OUTPUT_FILE_0}\"\n";
			showEnvVarsInLog = 0;
		};
		E8ED82A2EEC1FAAAEF23E43E /* [CP] Embed Pods Frameworks */ = {
			isa = PBXShellScriptBuildPhase;
			buildActionMask = 2147483647;
			files = (
			);
			inputFileListPaths = (
				"${PODS_ROOT}/Target Support Files/Pods-Yasty_ios/Pods-Yasty_ios-frameworks-${CONFIGURATION}-input-files.xcfilelist",
			);
			name = "[CP] Embed Pods Frameworks";
			outputFileListPaths = (
				"${PODS_ROOT}/Target Support Files/Pods-Yasty_ios/Pods-Yasty_ios-frameworks-${CONFIGURATION}-output-files.xcfilelist",
			);
			runOnlyForDeploymentPostprocessing = 0;
			shellPath = /bin/sh;
			shellScript = "\"${PODS_ROOT}/Target Support Files/Pods-Yasty_ios/Pods-Yasty_ios-frameworks.sh\"\n";
			showEnvVarsInLog = 0;
		};
/* End PBXShellScriptBuildPhase section */

/* Begin PBXSourcesBuildPhase section */
		0BF151E1260C99D000134495 /* Sources */ = {
			isa = PBXSourcesBuildPhase;
			buildActionMask = 2147483647;
			files = (
				0BF15222260F9D9B00134495 /* KeywordResult.swift in Sources */,
				0BF151ED260C99D000134495 /* ViewController.swift in Sources */,
				0BF1522F260F9DFA00134495 /* TempKeywordResult.swift in Sources */,
				0BF1521E260F99A100134495 /* MapSearchDataManager.swift in Sources */,
				0BF15229260F9DCD00134495 /* RegionInfo.swift in Sources */,
				0BF15226260F9DB800134495 /* KeywordResultMeta.swift in Sources */,
				0BF1521A260F8DD600134495 /* MapSearchViewController.swift in Sources */,
				0BF151E9260C99D000134495 /* AppDelegate.swift in Sources */,
				0BF152552617566C00134495 /* SearchResultViewController.swift in Sources */,
				0BF1522C260F9DDE00134495 /* Documents.swift in Sources */,
				0BF151EB260C99D000134495 /* SceneDelegate.swift in Sources */,
			);
			runOnlyForDeploymentPostprocessing = 0;
		};
/* End PBXSourcesBuildPhase section */

/* Begin PBXVariantGroup section */
		0BF151EE260C99D000134495 /* Main.storyboard */ = {
			isa = PBXVariantGroup;
			children = (
				0BF151EF260C99D000134495 /* Base */,
			);
			name = Main.storyboard;
			sourceTree = "<group>";
		};
		0BF151F3260C99D200134495 /* LaunchScreen.storyboard */ = {
			isa = PBXVariantGroup;
			children = (
				0BF151F4260C99D200134495 /* Base */,
			);
			name = LaunchScreen.storyboard;
			sourceTree = "<group>";
		};
/* End PBXVariantGroup section */

/* Begin XCBuildConfiguration section */
		0BF151F7260C99D200134495 /* Debug */ = {
			isa = XCBuildConfiguration;
			buildSettings = {
				ALWAYS_SEARCH_USER_PATHS = NO;
				CLANG_ANALYZER_NONNULL = YES;
				CLANG_ANALYZER_NUMBER_OBJECT_CONVERSION = YES_AGGRESSIVE;
				CLANG_CXX_LANGUAGE_STANDARD = "gnu++14";
				CLANG_CXX_LIBRARY = "libc++";
				CLANG_ENABLE_MODULES = YES;
				CLANG_ENABLE_OBJC_ARC = YES;
				CLANG_ENABLE_OBJC_WEAK = YES;
				CLANG_WARN_BLOCK_CAPTURE_AUTORELEASING = YES;
				CLANG_WARN_BOOL_CONVERSION = YES;
				CLANG_WARN_COMMA = YES;
				CLANG_WARN_CONSTANT_CONVERSION = YES;
				CLANG_WARN_DEPRECATED_OBJC_IMPLEMENTATIONS = YES;
				CLANG_WARN_DIRECT_OBJC_ISA_USAGE = YES_ERROR;
				CLANG_WARN_DOCUMENTATION_COMMENTS = YES;
				CLANG_WARN_EMPTY_BODY = YES;
				CLANG_WARN_ENUM_CONVERSION = YES;
				CLANG_WARN_INFINITE_RECURSION = YES;
				CLANG_WARN_INT_CONVERSION = YES;
				CLANG_WARN_NON_LITERAL_NULL_CONVERSION = YES;
				CLANG_WARN_OBJC_IMPLICIT_RETAIN_SELF = YES;
				CLANG_WARN_OBJC_LITERAL_CONVERSION = YES;
				CLANG_WARN_OBJC_ROOT_CLASS = YES_ERROR;
				CLANG_WARN_QUOTED_INCLUDE_IN_FRAMEWORK_HEADER = YES;
				CLANG_WARN_RANGE_LOOP_ANALYSIS = YES;
				CLANG_WARN_STRICT_PROTOTYPES = YES;
				CLANG_WARN_SUSPICIOUS_MOVE = YES;
				CLANG_WARN_UNGUARDED_AVAILABILITY = YES_AGGRESSIVE;
				CLANG_WARN_UNREACHABLE_CODE = YES;
				CLANG_WARN__DUPLICATE_METHOD_MATCH = YES;
				COPY_PHASE_STRIP = NO;
				DEBUG_INFORMATION_FORMAT = dwarf;
				ENABLE_STRICT_OBJC_MSGSEND = YES;
				ENABLE_TESTABILITY = YES;
				GCC_C_LANGUAGE_STANDARD = gnu11;
				GCC_DYNAMIC_NO_PIC = NO;
				GCC_NO_COMMON_BLOCKS = YES;
				GCC_OPTIMIZATION_LEVEL = 0;
				GCC_PREPROCESSOR_DEFINITIONS = (
					"DEBUG=1",
					"$(inherited)",
				);
				GCC_WARN_64_TO_32_BIT_CONVERSION = YES;
				GCC_WARN_ABOUT_RETURN_TYPE = YES_ERROR;
				GCC_WARN_UNDECLARED_SELECTOR = YES;
				GCC_WARN_UNINITIALIZED_AUTOS = YES_AGGRESSIVE;
				GCC_WARN_UNUSED_FUNCTION = YES;
				GCC_WARN_UNUSED_VARIABLE = YES;
				IPHONEOS_DEPLOYMENT_TARGET = 14.4;
				MTL_ENABLE_DEBUG_INFO = INCLUDE_SOURCE;
				MTL_FAST_MATH = YES;
				ONLY_ACTIVE_ARCH = YES;
				SDKROOT = iphoneos;
				SWIFT_ACTIVE_COMPILATION_CONDITIONS = DEBUG;
				SWIFT_OPTIMIZATION_LEVEL = "-Onone";
			};
			name = Debug;
		};
		0BF151F8260C99D200134495 /* Release */ = {
			isa = XCBuildConfiguration;
			buildSettings = {
				ALWAYS_SEARCH_USER_PATHS = NO;
				CLANG_ANALYZER_NONNULL = YES;
				CLANG_ANALYZER_NUMBER_OBJECT_CONVERSION = YES_AGGRESSIVE;
				CLANG_CXX_LANGUAGE_STANDARD = "gnu++14";
				CLANG_CXX_LIBRARY = "libc++";
				CLANG_ENABLE_MODULES = YES;
				CLANG_ENABLE_OBJC_ARC = YES;
				CLANG_ENABLE_OBJC_WEAK = YES;
				CLANG_WARN_BLOCK_CAPTURE_AUTORELEASING = YES;
				CLANG_WARN_BOOL_CONVERSION = YES;
				CLANG_WARN_COMMA = YES;
				CLANG_WARN_CONSTANT_CONVERSION = YES;
				CLANG_WARN_DEPRECATED_OBJC_IMPLEMENTATIONS = YES;
				CLANG_WARN_DIRECT_OBJC_ISA_USAGE = YES_ERROR;
				CLANG_WARN_DOCUMENTATION_COMMENTS = YES;
				CLANG_WARN_EMPTY_BODY = YES;
				CLANG_WARN_ENUM_CONVERSION = YES;
				CLANG_WARN_INFINITE_RECURSION = YES;
				CLANG_WARN_INT_CONVERSION = YES;
				CLANG_WARN_NON_LITERAL_NULL_CONVERSION = YES;
				CLANG_WARN_OBJC_IMPLICIT_RETAIN_SELF = YES;
				CLANG_WARN_OBJC_LITERAL_CONVERSION = YES;
				CLANG_WARN_OBJC_ROOT_CLASS = YES_ERROR;
				CLANG_WARN_QUOTED_INCLUDE_IN_FRAMEWORK_HEADER = YES;
				CLANG_WARN_RANGE_LOOP_ANALYSIS = YES;
				CLANG_WARN_STRICT_PROTOTYPES = YES;
				CLANG_WARN_SUSPICIOUS_MOVE = YES;
				CLANG_WARN_UNGUARDED_AVAILABILITY = YES_AGGRESSIVE;
				CLANG_WARN_UNREACHABLE_CODE = YES;
				CLANG_WARN__DUPLICATE_METHOD_MATCH = YES;
				COPY_PHASE_STRIP = NO;
				DEBUG_INFORMATION_FORMAT = "dwarf-with-dsym";
				ENABLE_NS_ASSERTIONS = NO;
				ENABLE_STRICT_OBJC_MSGSEND = YES;
				GCC_C_LANGUAGE_STANDARD = gnu11;
				GCC_NO_COMMON_BLOCKS = YES;
				GCC_WARN_64_TO_32_BIT_CONVERSION = YES;
				GCC_WARN_ABOUT_RETURN_TYPE = YES_ERROR;
				GCC_WARN_UNDECLARED_SELECTOR = YES;
				GCC_WARN_UNINITIALIZED_AUTOS = YES_AGGRESSIVE;
				GCC_WARN_UNUSED_FUNCTION = YES;
				GCC_WARN_UNUSED_VARIABLE = YES;
				IPHONEOS_DEPLOYMENT_TARGET = 14.4;
				MTL_ENABLE_DEBUG_INFO = NO;
				MTL_FAST_MATH = YES;
				SDKROOT = iphoneos;
				SWIFT_COMPILATION_MODE = wholemodule;
				SWIFT_OPTIMIZATION_LEVEL = "-O";
				VALIDATE_PRODUCT = YES;
			};
			name = Release;
		};
		0BF151FA260C99D200134495 /* Debug */ = {
			isa = XCBuildConfiguration;
			baseConfigurationReference = D2925DE00873A1EBBFFA6689 /* Pods-Yasty_ios.debug.xcconfig */;
			buildSettings = {
				ASSETCATALOG_COMPILER_APPICON_NAME = AppIcon;
				ASSETCATALOG_COMPILER_GLOBAL_ACCENT_COLOR_NAME = AccentColor;
				CODE_SIGN_STYLE = Automatic;
				DEVELOPMENT_TEAM = DAG6F8V8UR;
				INFOPLIST_FILE = Yasty_ios/Info.plist;
				LD_RUNPATH_SEARCH_PATHS = (
					"$(inherited)",
					"@executable_path/Frameworks",
				);
				PRODUCT_BUNDLE_IDENTIFIER = "edu.shingu.student.Yasty-ios";
				PRODUCT_NAME = "$(TARGET_NAME)";
				SWIFT_VERSION = 5.0;
				TARGETED_DEVICE_FAMILY = "1,2";
			};
			name = Debug;
		};
		0BF151FB260C99D200134495 /* Release */ = {
			isa = XCBuildConfiguration;
			baseConfigurationReference = 29629C89DC366F10F3724349 /* Pods-Yasty_ios.release.xcconfig */;
			buildSettings = {
				ASSETCATALOG_COMPILER_APPICON_NAME = AppIcon;
				ASSETCATALOG_COMPILER_GLOBAL_ACCENT_COLOR_NAME = AccentColor;
				CODE_SIGN_STYLE = Automatic;
				DEVELOPMENT_TEAM = DAG6F8V8UR;
				INFOPLIST_FILE = Yasty_ios/Info.plist;
				LD_RUNPATH_SEARCH_PATHS = (
					"$(inherited)",
					"@executable_path/Frameworks",
				);
				PRODUCT_BUNDLE_IDENTIFIER = "edu.shingu.student.Yasty-ios";
				PRODUCT_NAME = "$(TARGET_NAME)";
				SWIFT_VERSION = 5.0;
				TARGETED_DEVICE_FAMILY = "1,2";
			};
			name = Release;
		};
/* End XCBuildConfiguration section */

/* Begin XCConfigurationList section */
		0BF151E0260C99D000134495 /* Build configuration list for PBXProject "Yasty_ios" */ = {
			isa = XCConfigurationList;
			buildConfigurations = (
				0BF151F7260C99D200134495 /* Debug */,
				0BF151F8260C99D200134495 /* Release */,
			);
			defaultConfigurationIsVisible = 0;
			defaultConfigurationName = Release;
		};
		0BF151F9260C99D200134495 /* Build configuration list for PBXNativeTarget "Yasty_ios" */ = {
			isa = XCConfigurationList;
			buildConfigurations = (
				0BF151FA260C99D200134495 /* Debug */,
				0BF151FB260C99D200134495 /* Release */,
			);
			defaultConfigurationIsVisible = 0;
			defaultConfigurationName = Release;
		};
/* End XCConfigurationList section */
	};
	rootObject = 0BF151DD260C99D000134495 /* Project object */;
}
